
Microsoft Visual Studio Solution File, Format Version 12.00
# Visual Studio Version 16
VisualStudioVersion = 16.0.30413.136
MinimumVisualStudioVersion = 10.0.40219.1
Project("{FAE04EC0-301F-11D3-BF4B-00C04F79EFBC}") = "StringFun", "StringFun\StringFun.csproj", "{B4896EA4-294E-4B06-BAC0-B3BB9A49AE34}"
EndProject
Global
	GlobalSection(SolutionConfigurationPlatforms) = preSolution
		Debug|Any CPU = Debug|Any CPU
		Release|Any CPU = Release|Any CPU
	EndGlobalSection
	GlobalSection(ProjectConfigurationPlatforms) = postSolution
		{B4896EA4-294E-4B06-BAC0-B3BB9A49AE34}.Debug|Any CPU.ActiveCfg = Debug|Any CPU
		{B4896EA4-294E-4B06-BAC0-B3BB9A49AE34}.Debug|Any CPU.Build.0 = Debug|Any CPU
		{B4896EA4-294E-4B06-BAC0-B3BB9A49AE34}.Release|Any CPU.ActiveCfg = Release|Any CPU
		{B4896EA4-294E-4B06-BAC0-B3BB9A49AE34}.Release|Any CPU.Build.0 = Release|Any CPU
	EndGlobalSection
	GlobalSection(SolutionProperties) = preSolution
		HideSolutionNode = FALSE
	EndGlobalSection
	GlobalSection(ExtensibilityGlobals) = postSolution
		SolutionGuid = {298C6E5F-C797-4963-8B13-D9A58BADA3DA}
	EndGlobalSection
EndGlobal
